
Microsoft Visual Studio Solution File, Format Version 12.00
# Visual Studio Version 17
VisualStudioVersion = 17.2.32616.157
MinimumVisualStudioVersion = 10.0.40219.1
Project("{FAE04EC0-301F-11D3-BF4B-00C04F79EFBC}") = "ConsoleHalloWereld", "ConsoleHalloWereld\ConsoleHalloWereld.csproj", "{E74FCBCA-D076-4EE0-83EA-ACA03070EE66}"
EndProject
Project("{FAE04EC0-301F-11D3-BF4B-00C04F79EFBC}") = "WpfHalloWereld", "WpfHalloWereld\WpfHalloWereld.csproj", "{73866077-5815-4110-9EFC-417528EA08A7}"
EndProject
Project("{FAE04EC0-301F-11D3-BF4B-00C04F79EFBC}") = "ConsoleGangsterName", "ConsoleGangsterName\ConsoleGangsterName.csproj", "{B7679DC8-A326-4DED-9E12-8BE78F7CF192}"
EndProject
Project("{FAE04EC0-301F-11D3-BF4B-00C04F79EFBC}") = "ConsoleMahjong", "ConsoleMahjong\ConsoleMahjong.csproj", "{53E61127-52D8-4169-98B7-DF9A442A5996}"
EndProject
Project("{FAE04EC0-301F-11D3-BF4B-00C04F79EFBC}") = "WpfChat", "..\WpfChat\WpfChat.csproj", "{299C580E-85ED-4A68-AFAC-189BC3F83CCC}"
EndProject
Project("{FAE04EC0-301F-11D3-BF4B-00C04F79EFBC}") = "ConsoleAbonnement", "ConsoleAbonnement\ConsoleAbonnement.csproj", "{DEEBD7B1-75F7-4A8C-AFC0-593ACB82428D}"
EndProject
Project("{FAE04EC0-301F-11D3-BF4B-00C04F79EFBC}") = "Abonnement", "Abonnement\Abonnement.csproj", "{BD84C6E4-33D7-4437-A437-E3F67FA29C6F}"
EndProject
Project("{FAE04EC0-301F-11D3-BF4B-00C04F79EFBC}") = "BmiCalculator", "BmiCalculator\BmiCalculator.csproj", "{C43421CF-28E7-476B-B2E3-63F256EFE41D}"
EndProject
Global
	GlobalSection(SolutionConfigurationPlatforms) = preSolution
		Debug|Any CPU = Debug|Any CPU
		Release|Any CPU = Release|Any CPU
	EndGlobalSection
	GlobalSection(ProjectConfigurationPlatforms) = postSolution
		{E74FCBCA-D076-4EE0-83EA-ACA03070EE66}.Debug|Any CPU.ActiveCfg = Debug|Any CPU
		{E74FCBCA-D076-4EE0-83EA-ACA03070EE66}.Debug|Any CPU.Build.0 = Debug|Any CPU
		{E74FCBCA-D076-4EE0-83EA-ACA03070EE66}.Release|Any CPU.ActiveCfg = Release|Any CPU
		{E74FCBCA-D076-4EE0-83EA-ACA03070EE66}.Release|Any CPU.Build.0 = Release|Any CPU
		{73866077-5815-4110-9EFC-417528EA08A7}.Debug|Any CPU.ActiveCfg = Debug|Any CPU
		{73866077-5815-4110-9EFC-417528EA08A7}.Debug|Any CPU.Build.0 = Debug|Any CPU
		{73866077-5815-4110-9EFC-417528EA08A7}.Release|Any CPU.ActiveCfg = Release|Any CPU
		{73866077-5815-4110-9EFC-417528EA08A7}.Release|Any CPU.Build.0 = Release|Any CPU
		{B7679DC8-A326-4DED-9E12-8BE78F7CF192}.Debug|Any CPU.ActiveCfg = Debug|Any CPU
		{B7679DC8-A326-4DED-9E12-8BE78F7CF192}.Debug|Any CPU.Build.0 = Debug|Any CPU
		{B7679DC8-A326-4DED-9E12-8BE78F7CF192}.Release|Any CPU.ActiveCfg = Release|Any CPU
		{B7679DC8-A326-4DED-9E12-8BE78F7CF192}.Release|Any CPU.Build.0 = Release|Any CPU
		{53E61127-52D8-4169-98B7-DF9A442A5996}.Debug|Any CPU.ActiveCfg = Debug|Any CPU
		{53E61127-52D8-4169-98B7-DF9A442A5996}.Debug|Any CPU.Build.0 = Debug|Any CPU
		{53E61127-52D8-4169-98B7-DF9A442A5996}.Release|Any CPU.ActiveCfg = Release|Any CPU
		{53E61127-52D8-4169-98B7-DF9A442A5996}.Release|Any CPU.Build.0 = Release|Any CPU
		{299C580E-85ED-4A68-AFAC-189BC3F83CCC}.Debug|Any CPU.ActiveCfg = Debug|Any CPU
		{299C580E-85ED-4A68-AFAC-189BC3F83CCC}.Debug|Any CPU.Build.0 = Debug|Any CPU
		{299C580E-85ED-4A68-AFAC-189BC3F83CCC}.Release|Any CPU.ActiveCfg = Release|Any CPU
		{299C580E-85ED-4A68-AFAC-189BC3F83CCC}.Release|Any CPU.Build.0 = Release|Any CPU
		{DEEBD7B1-75F7-4A8C-AFC0-593ACB82428D}.Debug|Any CPU.ActiveCfg = Debug|Any CPU
		{DEEBD7B1-75F7-4A8C-AFC0-593ACB82428D}.Debug|Any CPU.Build.0 = Debug|Any CPU
		{DEEBD7B1-75F7-4A8C-AFC0-593ACB82428D}.Release|Any CPU.ActiveCfg = Release|Any CPU
		{DEEBD7B1-75F7-4A8C-AFC0-593ACB82428D}.Release|Any CPU.Build.0 = Release|Any CPU
		{BD84C6E4-33D7-4437-A437-E3F67FA29C6F}.Debug|Any CPU.ActiveCfg = Debug|Any CPU
		{BD84C6E4-33D7-4437-A437-E3F67FA29C6F}.Debug|Any CPU.Build.0 = Debug|Any CPU
		{BD84C6E4-33D7-4437-A437-E3F67FA29C6F}.Release|Any CPU.ActiveCfg = Release|Any CPU
		{BD84C6E4-33D7-4437-A437-E3F67FA29C6F}.Release|Any CPU.Build.0 = Release|Any CPU
		{C43421CF-28E7-476B-B2E3-63F256EFE41D}.Debug|Any CPU.ActiveCfg = Debug|Any CPU
		{C43421CF-28E7-476B-B2E3-63F256EFE41D}.Debug|Any CPU.Build.0 = Debug|Any CPU
		{C43421CF-28E7-476B-B2E3-63F256EFE41D}.Release|Any CPU.ActiveCfg = Release|Any CPU
		{C43421CF-28E7-476B-B2E3-63F256EFE41D}.Release|Any CPU.Build.0 = Release|Any CPU
	EndGlobalSection
	GlobalSection(SolutionProperties) = preSolution
		HideSolutionNode = FALSE
	EndGlobalSection
	GlobalSection(ExtensibilityGlobals) = postSolution
		SolutionGuid = {DE454021-DA36-4E27-9771-F635CEE713FA}
	EndGlobalSection
EndGlobal
